
Microsoft Visual Studio Solution File, Format Version 12.00
# Visual Studio Version 16
VisualStudioVersion = 16.0.30114.105
MinimumVisualStudioVersion = 10.0.40219.1
Project("{2150E333-8FDC-42A3-9474-1A3956D46DE8}") = "src", "src", "{B6ADD2F8-B620-44F6-AB94-58470696D094}"
EndProject
Project("{FAE04EC0-301F-11D3-BF4B-00C04F79EFBC}") = "CustomersCqrs.Application", "src\CustomersCqrs.Application\CustomersCqrs.Application.csproj", "{F340E876-A10E-4137-85DD-C69479BCC44E}"
EndProject
Project("{FAE04EC0-301F-11D3-BF4B-00C04F79EFBC}") = "CustomersCqrs.Domain", "src\CustomersCqrs.Domain\CustomersCqrs.Domain.csproj", "{2C8B9BA6-46C5-44C0-B77E-70939F4B04D2}"
EndProject
Project("{FAE04EC0-301F-11D3-BF4B-00C04F79EFBC}") = "CustomersCqrs.Infra.CrossCutting", "src\CustomersCqrs.Infra.CrossCutting\CustomersCqrs.Infra.CrossCutting.csproj", "{8AE72233-DEFA-49F8-9380-695167146A29}"
EndProject
Project("{FAE04EC0-301F-11D3-BF4B-00C04F79EFBC}") = "CustomersCqrs.Infra.Data", "src\CustomersCqrs.Infra.Data\CustomersCqrs.Infra.Data.csproj", "{470CE782-BEE5-4450-839C-7132780A1A2D}"
EndProject
Project("{FAE04EC0-301F-11D3-BF4B-00C04F79EFBC}") = "CustomersCqrs.Service", "src\CustomersCqrs.Service\CustomersCqrs.Service.csproj", "{F68D82F5-E881-48A7-80FF-F2E6DACC8329}"
EndProject
Global
	GlobalSection(SolutionConfigurationPlatforms) = preSolution
		Debug|Any CPU = Debug|Any CPU
		Debug|x64 = Debug|x64
		Debug|x86 = Debug|x86
		Release|Any CPU = Release|Any CPU
		Release|x64 = Release|x64
		Release|x86 = Release|x86
	EndGlobalSection
	GlobalSection(SolutionProperties) = preSolution
		HideSolutionNode = FALSE
	EndGlobalSection
	GlobalSection(ProjectConfigurationPlatforms) = postSolution
		{F340E876-A10E-4137-85DD-C69479BCC44E}.Debug|Any CPU.ActiveCfg = Debug|Any CPU
		{F340E876-A10E-4137-85DD-C69479BCC44E}.Debug|Any CPU.Build.0 = Debug|Any CPU
		{F340E876-A10E-4137-85DD-C69479BCC44E}.Debug|x64.ActiveCfg = Debug|Any CPU
		{F340E876-A10E-4137-85DD-C69479BCC44E}.Debug|x64.Build.0 = Debug|Any CPU
		{F340E876-A10E-4137-85DD-C69479BCC44E}.Debug|x86.ActiveCfg = Debug|Any CPU
		{F340E876-A10E-4137-85DD-C69479BCC44E}.Debug|x86.Build.0 = Debug|Any CPU
		{F340E876-A10E-4137-85DD-C69479BCC44E}.Release|Any CPU.ActiveCfg = Release|Any CPU
		{F340E876-A10E-4137-85DD-C69479BCC44E}.Release|Any CPU.Build.0 = Release|Any CPU
		{F340E876-A10E-4137-85DD-C69479BCC44E}.Release|x64.ActiveCfg = Release|Any CPU
		{F340E876-A10E-4137-85DD-C69479BCC44E}.Release|x64.Build.0 = Release|Any CPU
		{F340E876-A10E-4137-85DD-C69479BCC44E}.Release|x86.ActiveCfg = Release|Any CPU
		{F340E876-A10E-4137-85DD-C69479BCC44E}.Release|x86.Build.0 = Release|Any CPU
		{2C8B9BA6-46C5-44C0-B77E-70939F4B04D2}.Debug|Any CPU.ActiveCfg = Debug|Any CPU
		{2C8B9BA6-46C5-44C0-B77E-70939F4B04D2}.Debug|Any CPU.Build.0 = Debug|Any CPU
		{2C8B9BA6-46C5-44C0-B77E-70939F4B04D2}.Debug|x64.ActiveCfg = Debug|Any CPU
		{2C8B9BA6-46C5-44C0-B77E-70939F4B04D2}.Debug|x64.Build.0 = Debug|Any CPU
		{2C8B9BA6-46C5-44C0-B77E-70939F4B04D2}.Debug|x86.ActiveCfg = Debug|Any CPU
		{2C8B9BA6-46C5-44C0-B77E-70939F4B04D2}.Debug|x86.Build.0 = Debug|Any CPU
		{2C8B9BA6-46C5-44C0-B77E-70939F4B04D2}.Release|Any CPU.ActiveCfg = Release|Any CPU
		{2C8B9BA6-46C5-44C0-B77E-70939F4B04D2}.Release|Any CPU.Build.0 = Release|Any CPU
		{2C8B9BA6-46C5-44C0-B77E-70939F4B04D2}.Release|x64.ActiveCfg = Release|Any CPU
		{2C8B9BA6-46C5-44C0-B77E-70939F4B04D2}.Release|x64.Build.0 = Release|Any CPU
		{2C8B9BA6-46C5-44C0-B77E-70939F4B04D2}.Release|x86.ActiveCfg = Release|Any CPU
		{2C8B9BA6-46C5-44C0-B77E-70939F4B04D2}.Release|x86.Build.0 = Release|Any CPU
		{8AE72233-DEFA-49F8-9380-695167146A29}.Debug|Any CPU.ActiveCfg = Debug|Any CPU
		{8AE72233-DEFA-49F8-9380-695167146A29}.Debug|Any CPU.Build.0 = Debug|Any CPU
		{8AE72233-DEFA-49F8-9380-695167146A29}.Debug|x64.ActiveCfg = Debug|Any CPU
		{8AE72233-DEFA-49F8-9380-695167146A29}.Debug|x64.Build.0 = Debug|Any CPU
		{8AE72233-DEFA-49F8-9380-695167146A29}.Debug|x86.ActiveCfg = Debug|Any CPU
		{8AE72233-DEFA-49F8-9380-695167146A29}.Debug|x86.Build.0 = Debug|Any CPU
		{8AE72233-DEFA-49F8-9380-695167146A29}.Release|Any CPU.ActiveCfg = Release|Any CPU
		{8AE72233-DEFA-49F8-9380-695167146A29}.Release|Any CPU.Build.0 = Release|Any CPU
		{8AE72233-DEFA-49F8-9380-695167146A29}.Release|x64.ActiveCfg = Release|Any CPU
		{8AE72233-DEFA-49F8-9380-695167146A29}.Release|x64.Build.0 = Release|Any CPU
		{8AE72233-DEFA-49F8-9380-695167146A29}.Release|x86.ActiveCfg = Release|Any CPU
		{8AE72233-DEFA-49F8-9380-695167146A29}.Release|x86.Build.0 = Release|Any CPU
		{470CE782-BEE5-4450-839C-7132780A1A2D}.Debug|Any CPU.ActiveCfg = Debug|Any CPU
		{470CE782-BEE5-4450-839C-7132780A1A2D}.Debug|Any CPU.Build.0 = Debug|Any CPU
		{470CE782-BEE5-4450-839C-7132780A1A2D}.Debug|x64.ActiveCfg = Debug|Any CPU
		{470CE782-BEE5-4450-839C-7132780A1A2D}.Debug|x64.Build.0 = Debug|Any CPU
		{470CE782-BEE5-4450-839C-7132780A1A2D}.Debug|x86.ActiveCfg = Debug|Any CPU
		{470CE782-BEE5-4450-839C-7132780A1A2D}.Debug|x86.Build.0 = Debug|Any CPU
		{470CE782-BEE5-4450-839C-7132780A1A2D}.Release|Any CPU.ActiveCfg = Release|Any CPU
		{470CE782-BEE5-4450-839C-7132780A1A2D}.Release|Any CPU.Build.0 = Release|Any CPU
		{470CE782-BEE5-4450-839C-7132780A1A2D}.Release|x64.ActiveCfg = Release|Any CPU
		{470CE782-BEE5-4450-839C-7132780A1A2D}.Release|x64.Build.0 = Release|Any CPU
		{470CE782-BEE5-4450-839C-7132780A1A2D}.Release|x86.ActiveCfg = Release|Any CPU
		{470CE782-BEE5-4450-839C-7132780A1A2D}.Release|x86.Build.0 = Release|Any CPU
		{F68D82F5-E881-48A7-80FF-F2E6DACC8329}.Debug|Any CPU.ActiveCfg = Debug|Any CPU
		{F68D82F5-E881-48A7-80FF-F2E6DACC8329}.Debug|Any CPU.Build.0 = Debug|Any CPU
		{F68D82F5-E881-48A7-80FF-F2E6DACC8329}.Debug|x64.ActiveCfg = Debug|Any CPU
		{F68D82F5-E881-48A7-80FF-F2E6DACC8329}.Debug|x64.Build.0 = Debug|Any CPU
		{F68D82F5-E881-48A7-80FF-F2E6DACC8329}.Debug|x86.ActiveCfg = Debug|Any CPU
		{F68D82F5-E881-48A7-80FF-F2E6DACC8329}.Debug|x86.Build.0 = Debug|Any CPU
		{F68D82F5-E881-48A7-80FF-F2E6DACC8329}.Release|Any CPU.ActiveCfg = Release|Any CPU
		{F68D82F5-E881-48A7-80FF-F2E6DACC8329}.Release|Any CPU.Build.0 = Release|Any CPU
		{F68D82F5-E881-48A7-80FF-F2E6DACC8329}.Release|x64.ActiveCfg = Release|Any CPU
		{F68D82F5-E881-48A7-80FF-F2E6DACC8329}.Release|x64.Build.0 = Release|Any CPU
		{F68D82F5-E881-48A7-80FF-F2E6DACC8329}.Release|x86.ActiveCfg = Release|Any CPU
		{F68D82F5-E881-48A7-80FF-F2E6DACC8329}.Release|x86.Build.0 = Release|Any CPU
	EndGlobalSection
	GlobalSection(NestedProjects) = preSolution
		{F340E876-A10E-4137-85DD-C69479BCC44E} = {B6ADD2F8-B620-44F6-AB94-58470696D094}
		{2C8B9BA6-46C5-44C0-B77E-70939F4B04D2} = {B6ADD2F8-B620-44F6-AB94-58470696D094}
		{8AE72233-DEFA-49F8-9380-695167146A29} = {B6ADD2F8-B620-44F6-AB94-58470696D094}
		{470CE782-BEE5-4450-839C-7132780A1A2D} = {B6ADD2F8-B620-44F6-AB94-58470696D094}
		{F68D82F5-E881-48A7-80FF-F2E6DACC8329} = {B6ADD2F8-B620-44F6-AB94-58470696D094}
	EndGlobalSection
EndGlobal
